
Microsoft Visual Studio Solution File, Format Version 12.00
# Visual Studio Version 17
VisualStudioVersion = 17.6.33712.159
MinimumVisualStudioVersion = 10.0.40219.1
Project("{9A19103F-16F7-4668-BE54-9A1E7A4F7556}") = "CourseL16", "CourseL16\CourseL16.csproj", "{18C823C2-7A84-4EE2-AF7B-AEABEE43EB15}"
EndProject
Project("{FAE04EC0-301F-11D3-BF4B-00C04F79EFBC}") = "CourseL16_T4", "CourseL16_T4\CourseL16_T4.csproj", "{CC9AB1C3-4DAF-4C00-9EA0-E2A4708062C2}"
EndProject
Global
	GlobalSection(SolutionConfigurationPlatforms) = preSolution
		Debug|Any CPU = Debug|Any CPU
		Release|Any CPU = Release|Any CPU
	EndGlobalSection
	GlobalSection(ProjectConfigurationPlatforms) = postSolution
		{18C823C2-7A84-4EE2-AF7B-AEABEE43EB15}.Debug|Any CPU.ActiveCfg = Debug|Any CPU
		{18C823C2-7A84-4EE2-AF7B-AEABEE43EB15}.Debug|Any CPU.Build.0 = Debug|Any CPU
		{18C823C2-7A84-4EE2-AF7B-AEABEE43EB15}.Release|Any CPU.ActiveCfg = Release|Any CPU
		{18C823C2-7A84-4EE2-AF7B-AEABEE43EB15}.Release|Any CPU.Build.0 = Release|Any CPU
		{CC9AB1C3-4DAF-4C00-9EA0-E2A4708062C2}.Debug|Any CPU.ActiveCfg = Debug|Any CPU
		{CC9AB1C3-4DAF-4C00-9EA0-E2A4708062C2}.Debug|Any CPU.Build.0 = Debug|Any CPU
		{CC9AB1C3-4DAF-4C00-9EA0-E2A4708062C2}.Release|Any CPU.ActiveCfg = Release|Any CPU
		{CC9AB1C3-4DAF-4C00-9EA0-E2A4708062C2}.Release|Any CPU.Build.0 = Release|Any CPU
	EndGlobalSection
	GlobalSection(SolutionProperties) = preSolution
		HideSolutionNode = FALSE
	EndGlobalSection
	GlobalSection(ExtensibilityGlobals) = postSolution
		SolutionGuid = {DAA40359-E5D4-46CC-B7FF-4DD99B475F4E}
	EndGlobalSection
EndGlobal
