
Microsoft Visual Studio Solution File, Format Version 12.00
# Visual Studio Version 17
VisualStudioVersion = 17.6.33712.159
MinimumVisualStudioVersion = 10.0.40219.1
Project("{FAE04EC0-301F-11D3-BF4B-00C04F79EFBC}") = "IntroduceL1", "IntroduceL1\IntroduceL1.csproj", "{B12EF0F9-2DA1-4546-A66D-7ED9A45DE0BC}"
EndProject
Global
	GlobalSection(SolutionConfigurationPlatforms) = preSolution
		Debug|Any CPU = Debug|Any CPU
		Release|Any CPU = Release|Any CPU
	EndGlobalSection
	GlobalSection(ProjectConfigurationPlatforms) = postSolution
		{B12EF0F9-2DA1-4546-A66D-7ED9A45DE0BC}.Debug|Any CPU.ActiveCfg = Debug|Any CPU
		{B12EF0F9-2DA1-4546-A66D-7ED9A45DE0BC}.Debug|Any CPU.Build.0 = Debug|Any CPU
		{B12EF0F9-2DA1-4546-A66D-7ED9A45DE0BC}.Release|Any CPU.ActiveCfg = Release|Any CPU
		{B12EF0F9-2DA1-4546-A66D-7ED9A45DE0BC}.Release|Any CPU.Build.0 = Release|Any CPU
	EndGlobalSection
	GlobalSection(SolutionProperties) = preSolution
		HideSolutionNode = FALSE
	EndGlobalSection
	GlobalSection(ExtensibilityGlobals) = postSolution
		SolutionGuid = {1FAD94B0-8156-48EB-9D56-091FF33BD301}
	EndGlobalSection
EndGlobal
