
Microsoft Visual Studio Solution File, Format Version 12.00
# Visual Studio Version 17
VisualStudioVersion = 17.6.33712.159
MinimumVisualStudioVersion = 10.0.40219.1
Project("{FAE04EC0-301F-11D3-BF4B-00C04F79EFBC}") = "CourseL6", "CourseL6\CourseL6.csproj", "{28FBB6C6-6D57-451F-9341-E82ECBD6BADD}"
EndProject
Global
	GlobalSection(SolutionConfigurationPlatforms) = preSolution
		Debug|Any CPU = Debug|Any CPU
		Release|Any CPU = Release|Any CPU
	EndGlobalSection
	GlobalSection(ProjectConfigurationPlatforms) = postSolution
		{28FBB6C6-6D57-451F-9341-E82ECBD6BADD}.Debug|Any CPU.ActiveCfg = Debug|Any CPU
		{28FBB6C6-6D57-451F-9341-E82ECBD6BADD}.Debug|Any CPU.Build.0 = Debug|Any CPU
		{28FBB6C6-6D57-451F-9341-E82ECBD6BADD}.Release|Any CPU.ActiveCfg = Release|Any CPU
		{28FBB6C6-6D57-451F-9341-E82ECBD6BADD}.Release|Any CPU.Build.0 = Release|Any CPU
	EndGlobalSection
	GlobalSection(SolutionProperties) = preSolution
		HideSolutionNode = FALSE
	EndGlobalSection
	GlobalSection(ExtensibilityGlobals) = postSolution
		SolutionGuid = {B0D6247F-D2D2-435A-BD2A-395C0C659565}
	EndGlobalSection
EndGlobal
